// !$*UTF8*$!
{
	archiveVersion = 1;
	classes = {
	};
	objectVersion = 77;
	objects = {

/* Begin PBXBuildFile section */
		18F31977FE18E2C978A7C830 /* ContentView.swift in Sources */ = {isa = PBXBuildFile; fileRef = A3AFAEE08A84E686DBE27E74 /* ContentView.swift */; settings = {COMPILER_FLAGS = "-Wall"; }; };
		31B60A361DFDF46584DF70F4 /* ZipperApp.swift in Sources */ = {isa = PBXBuildFile; fileRef = 92C4BF0F4480A3AD00A6CBEC /* ZipperApp.swift */; settings = {COMPILER_FLAGS = "-Wall"; }; };
		51676C0C7D1C41D5A7538F1F /* AppEvents.swift in Sources */ = {isa = PBXBuildFile; fileRef = D7BD5CD8C0F5EA66CCFDAE31 /* AppEvents.swift */; settings = {COMPILER_FLAGS = "-Wall"; }; };
		57C11C78FCD9ED2B6C8909F0 /* FileAssociationManager.swift in Sources */ = {isa = PBXBuildFile; fileRef = C985C47A87CDF776F78FA702 /* FileAssociationManager.swift */; settings = {COMPILER_FLAGS = "-Wall"; }; };
		58A495B2537F3E3A229412F5 /* PreferencesView.swift in Sources */ = {isa = PBXBuildFile; fileRef = 096B2947E3769DEDFFFF7588 /* PreferencesView.swift */; settings = {COMPILER_FLAGS = "-Wall"; }; };
		62B17B71E8374212AA2F6784 /* Assets.xcassets in Resources */ = {isa = PBXBuildFile; fileRef = 5E84D3FB24397E7783F9FB69 /* Assets.xcassets */; };
		7802A2135F5429350B6B4667 /* ArchiveEngine.swift in Sources */ = {isa = PBXBuildFile; fileRef = 8FEF4A554D71B952AB62F29E /* ArchiveEngine.swift */; settings = {COMPILER_FLAGS = "-Wall"; }; };
		7EA522BA6CE938341C1F010F /* Theme.swift in Sources */ = {isa = PBXBuildFile; fileRef = 7389591708E89721A354685F /* Theme.swift */; settings = {COMPILER_FLAGS = "-Wall"; }; };
		8EC4927188D2B14963DB1F5E /* AppPreferences.swift in Sources */ = {isa = PBXBuildFile; fileRef = A214D75CDE06A08A1270BB99 /* AppPreferences.swift */; settings = {COMPILER_FLAGS = "-Wall"; }; };
		C18BEF367248CED1DA63DF6B /* ConfigurationView.swift in Sources */ = {isa = PBXBuildFile; fileRef = 8F86A6DA7F834E24BED87357 /* ConfigurationView.swift */; settings = {COMPILER_FLAGS = "-Wall"; }; };
/* End PBXBuildFile section */

/* Begin PBXFileReference section */
		096B2947E3769DEDFFFF7588 /* PreferencesView.swift */ = {isa = PBXFileReference; lastKnownFileType = sourcecode.swift; path = PreferencesView.swift; sourceTree = "<group>"; };
		3C7319681370B2D61D99403C /* Info.plist */ = {isa = PBXFileReference; lastKnownFileType = text.plist; path = Info.plist; sourceTree = "<group>"; };
		5E84D3FB24397E7783F9FB69 /* Assets.xcassets */ = {isa = PBXFileReference; lastKnownFileType = folder.assetcatalog; path = Assets.xcassets; sourceTree = "<group>"; };
		7389591708E89721A354685F /* Theme.swift */ = {isa = PBXFileReference; lastKnownFileType = sourcecode.swift; path = Theme.swift; sourceTree = "<group>"; };
		75ED2604ABAFB4C4BB813294 /* 7zz */ = {isa = PBXFileReference; lastKnownFileType = "compiled.mach-o.executable"; path = 7zz; sourceTree = "<group>"; };
		8F86A6DA7F834E24BED87357 /* ConfigurationView.swift */ = {isa = PBXFileReference; lastKnownFileType = sourcecode.swift; path = ConfigurationView.swift; sourceTree = "<group>"; };
		8FEF4A554D71B952AB62F29E /* ArchiveEngine.swift */ = {isa = PBXFileReference; lastKnownFileType = sourcecode.swift; path = ArchiveEngine.swift; sourceTree = "<group>"; };
		92C4BF0F4480A3AD00A6CBEC /* ZipperApp.swift */ = {isa = PBXFileReference; lastKnownFileType = sourcecode.swift; path = ZipperApp.swift; sourceTree = "<group>"; };
		98BE0BFE6126BC1106F7BFB8 /* Zipper.app */ = {isa = PBXFileReference; explicitFileType = wrapper.application; includeInIndex = 0; path = Zipper.app; sourceTree = BUILT_PRODUCTS_DIR; };
		A214D75CDE06A08A1270BB99 /* AppPreferences.swift */ = {isa = PBXFileReference; lastKnownFileType = sourcecode.swift; path = AppPreferences.swift; sourceTree = "<group>"; };
		A3AFAEE08A84E686DBE27E74 /* ContentView.swift */ = {isa = PBXFileReference; lastKnownFileType = sourcecode.swift; path = ContentView.swift; sourceTree = "<group>"; };
		C985C47A87CDF776F78FA702 /* FileAssociationManager.swift */ = {isa = PBXFileReference; lastKnownFileType = sourcecode.swift; path = FileAssociationManager.swift; sourceTree = "<group>"; };
		D7BD5CD8C0F5EA66CCFDAE31 /* AppEvents.swift */ = {isa = PBXFileReference; lastKnownFileType = sourcecode.swift; path = AppEvents.swift; sourceTree = "<group>"; };
/* End PBXFileReference section */

/* Begin PBXGroup section */
		38954A20366F269F79693B24 /* Products */ = {
			isa = PBXGroup;
			children = (
				98BE0BFE6126BC1106F7BFB8 /* Zipper.app */,
			);
			name = Products;
			sourceTree = "<group>";
		};
		3A018199211D210ACB1F806B /* Sources */ = {
			isa = PBXGroup;
			children = (
				D7BD5CD8C0F5EA66CCFDAE31 /* AppEvents.swift */,
				A214D75CDE06A08A1270BB99 /* AppPreferences.swift */,
				8FEF4A554D71B952AB62F29E /* ArchiveEngine.swift */,
				5E84D3FB24397E7783F9FB69 /* Assets.xcassets */,
				8F86A6DA7F834E24BED87357 /* ConfigurationView.swift */,
				A3AFAEE08A84E686DBE27E74 /* ContentView.swift */,
				C985C47A87CDF776F78FA702 /* FileAssociationManager.swift */,
				3C7319681370B2D61D99403C /* Info.plist */,
				096B2947E3769DEDFFFF7588 /* PreferencesView.swift */,
				7389591708E89721A354685F /* Theme.swift */,
				92C4BF0F4480A3AD00A6CBEC /* ZipperApp.swift */,
				F01054DD9E4256FCCBE70EAB /* Resources */,
			);
			path = Sources;
			sourceTree = "<group>";
		};
		82596E377AC1D0F94BC6A383 = {
			isa = PBXGroup;
			children = (
				3A018199211D210ACB1F806B /* Sources */,
				38954A20366F269F79693B24 /* Products */,
			);
			sourceTree = "<group>";
		};
		F01054DD9E4256FCCBE70EAB /* Resources */ = {
			isa = PBXGroup;
			children = (
				75ED2604ABAFB4C4BB813294 /* 7zz */,
			);
			path = Resources;
			sourceTree = "<group>";
		};
/* End PBXGroup section */

/* Begin PBXNativeTarget section */
		A0A399BA1648FDCF5504F13C /* ZipperApp */ = {
			isa = PBXNativeTarget;
			buildConfigurationList = 6EFECA048FDFE0C9EA25824F /* Build configuration list for PBXNativeTarget "ZipperApp" */;
			buildPhases = (
				A14DB3D9D1B349E4C1143B74 /* Copy 7zz */,
				8B2B0BADB7C3225A296C785A /* Sources */,
				291144699923DF967E7F1CA0 /* Resources */,
			);
			buildRules = (
			);
			dependencies = (
			);
			name = ZipperApp;
			packageProductDependencies = (
			);
			productName = ZipperApp;
			productReference = 98BE0BFE6126BC1106F7BFB8 /* Zipper.app */;
			productType = "com.apple.product-type.application";
		};
/* End PBXNativeTarget section */

/* Begin PBXProject section */
		BA98C8019FA3356F7CDAA411 /* Project object */ = {
			isa = PBXProject;
			attributes = {
				BuildIndependentTargetsInParallel = YES;
				LastUpgradeCheck = 2640;
			};
			buildConfigurationList = 9F737D0EACC6498BB557725A /* Build configuration list for PBXProject "ZipperApp" */;
			developmentRegion = en;
			hasScannedForEncodings = 0;
			knownRegions = (
				Base,
				en,
			);
			mainGroup = 82596E377AC1D0F94BC6A383;
			minimizedProjectReferenceProxies = 1;
			preferredProjectObjectVersion = 77;
			productRefGroup = 38954A20366F269F79693B24 /* Products */;
			projectDirPath = "";
			projectRoot = "";
			targets = (
				A0A399BA1648FDCF5504F13C /* ZipperApp */,
			);
		};
/* End PBXProject section */

/* Begin PBXResourcesBuildPhase section */
		291144699923DF967E7F1CA0 /* Resources */ = {
			isa = PBXResourcesBuildPhase;
			buildActionMask = 2147483647;
			files = (
				62B17B71E8374212AA2F6784 /* Assets.xcassets in Resources */,
			);
			runOnlyForDeploymentPostprocessing = 0;
		};
/* End PBXResourcesBuildPhase section */

/* Begin PBXShellScriptBuildPhase section */
		A14DB3D9D1B349E4C1143B74 /* Copy 7zz */ = {
			isa = PBXShellScriptBuildPhase;
			buildActionMask = 2147483647;
			files = (
			);
			inputFileListPaths = (
			);
			inputPaths = (
				"$(SRCROOT)/Sources/Resources/7zz",
			);
			name = "Copy 7zz";
			outputFileListPaths = (
			);
			outputPaths = (
				"$(TARGET_BUILD_DIR)/$(UNLOCALIZED_RESOURCES_FOLDER_PATH)/7zz",
			);
			runOnlyForDeploymentPostprocessing = 0;
			shellPath = /bin/sh;
			shellScript = "DEST_DIR=\"$TARGET_BUILD_DIR/$UNLOCALIZED_RESOURCES_FOLDER_PATH\"\nmkdir -p \"$DEST_DIR\"\nDEST=\"$DEST_DIR/7zz\"\nchmod u+w \"$DEST\" 2>/dev/null || true\nrm -f \"$DEST\"\n/usr/bin/install -m 755 \"$SRCROOT/Sources/Resources/7zz\" \"$DEST\"\n";
		};
/* End PBXShellScriptBuildPhase section */

/* Begin PBXSourcesBuildPhase section */
		8B2B0BADB7C3225A296C785A /* Sources */ = {
			isa = PBXSourcesBuildPhase;
			buildActionMask = 2147483647;
			files = (
				51676C0C7D1C41D5A7538F1F /* AppEvents.swift in Sources */,
				8EC4927188D2B14963DB1F5E /* AppPreferences.swift in Sources */,
				7802A2135F5429350B6B4667 /* ArchiveEngine.swift in Sources */,
				C18BEF367248CED1DA63DF6B /* ConfigurationView.swift in Sources */,
				18F31977FE18E2C978A7C830 /* ContentView.swift in Sources */,
				57C11C78FCD9ED2B6C8909F0 /* FileAssociationManager.swift in Sources */,
				58A495B2537F3E3A229412F5 /* PreferencesView.swift in Sources */,
				7EA522BA6CE938341C1F010F /* Theme.swift in Sources */,
				31B60A361DFDF46584DF70F4 /* ZipperApp.swift in Sources */,
			);
			runOnlyForDeploymentPostprocessing = 0;
		};
/* End PBXSourcesBuildPhase section */

/* Begin XCBuildConfiguration section */
		2F320853603807E01C0D8212 /* Release */ = {
			isa = XCBuildConfiguration;
			buildSettings = {
				ALWAYS_SEARCH_USER_PATHS = NO;
				CLANG_ANALYZER_NONNULL = YES;
				CLANG_ANALYZER_NUMBER_OBJECT_CONVERSION = YES_AGGRESSIVE;
				CLANG_CXX_LANGUAGE_STANDARD = "gnu++14";
				CLANG_CXX_LIBRARY = "libc++";
				CLANG_ENABLE_MODULES = YES;
				CLANG_ENABLE_OBJC_ARC = YES;
				CLANG_ENABLE_OBJC_WEAK = YES;
				CLANG_WARN_BLOCK_CAPTURE_AUTORELEASING = YES;
				CLANG_WARN_BOOL_CONVERSION = YES;
				CLANG_WARN_COMMA = YES;
				CLANG_WARN_CONSTANT_CONVERSION = YES;
				CLANG_WARN_DEPRECATED_OBJC_IMPLEMENTATIONS = YES;
				CLANG_WARN_DIRECT_OBJC_ISA_USAGE = YES_ERROR;
				CLANG_WARN_DOCUMENTATION_COMMENTS = YES;
				CLANG_WARN_EMPTY_BODY = YES;
				CLANG_WARN_ENUM_CONVERSION = YES;
				CLANG_WARN_INFINITE_RECURSION = YES;
				CLANG_WARN_INT_CONVERSION = YES;
				CLANG_WARN_NON_LITERAL_NULL_CONVERSION = YES;
				CLANG_WARN_OBJC_IMPLICIT_RETAIN_SELF = YES;
				CLANG_WARN_OBJC_LITERAL_CONVERSION = YES;
				CLANG_WARN_OBJC_ROOT_CLASS = YES_ERROR;
				CLANG_WARN_QUOTED_INCLUDE_IN_FRAMEWORK_HEADER = YES;
				CLANG_WARN_RANGE_LOOP_ANALYSIS = YES;
				CLANG_WARN_STRICT_PROTOTYPES = YES;
				CLANG_WARN_SUSPICIOUS_MOVE = YES;
				CLANG_WARN_UNGUARDED_AVAILABILITY = YES_AGGRESSIVE;
				CLANG_WARN_UNREACHABLE_CODE = YES;
				CLANG_WARN__DUPLICATE_METHOD_MATCH = YES;
				COPY_PHASE_STRIP = NO;
				DEAD_CODE_STRIPPING = YES;
				DEBUG_INFORMATION_FORMAT = "dwarf-with-dsym";
				DEVELOPMENT_TEAM = C85X7E88A8;
				ENABLE_NS_ASSERTIONS = NO;
				ENABLE_STRICT_OBJC_MSGSEND = YES;
				ENABLE_USER_SCRIPT_SANDBOXING = YES;
				GCC_C_LANGUAGE_STANDARD = gnu11;
				GCC_NO_COMMON_BLOCKS = YES;
				GCC_WARN_64_TO_32_BIT_CONVERSION = YES;
				GCC_WARN_ABOUT_RETURN_TYPE = YES_ERROR;
				GCC_WARN_UNDECLARED_SELECTOR = YES;
				GCC_WARN_UNINITIALIZED_AUTOS = YES_AGGRESSIVE;
				GCC_WARN_UNUSED_FUNCTION = YES;
				GCC_WARN_UNUSED_VARIABLE = YES;
				MACOSX_DEPLOYMENT_TARGET = 13.0;
				MTL_ENABLE_DEBUG_INFO = NO;
				MTL_FAST_MATH = YES;
				PRODUCT_NAME = "$(TARGET_NAME)";
				SDKROOT = macosx;
				STRING_CATALOG_GENERATE_SYMBOLS = YES;
				SWIFT_COMPILATION_MODE = wholemodule;
				SWIFT_OPTIMIZATION_LEVEL = "-O";
				SWIFT_VERSION = 5.0;
			};
			name = Release;
		};
		3B81C8063B911B92968032FB /* Debug */ = {
			isa = XCBuildConfiguration;
			buildSettings = {
				ASSETCATALOG_COMPILER_APPICON_NAME = AppIcon;
				CODE_SIGN_ENTITLEMENTS = ZipperApp.entitlements;
				CODE_SIGN_IDENTITY = "Apple Development";
				CODE_SIGN_STYLE = Automatic;
				COMBINE_HIDPI_IMAGES = YES;
				CURRENT_PROJECT_VERSION = 1;
				DEAD_CODE_STRIPPING = YES;
				ENABLE_HARDENED_RUNTIME = YES;
				GENERATE_INFOPLIST_FILE = NO;
				INFOPLIST_FILE = Sources/Info.plist;
				LD_RUNPATH_SEARCH_PATHS = (
					"$(inherited)",
					"@executable_path/../Frameworks",
				);
				MACOSX_DEPLOYMENT_TARGET = 13.0;
				MARKETING_VERSION = 1;
				PRODUCT_BUNDLE_IDENTIFIER = com.kshah00.ZipperApp;
				PRODUCT_NAME = Zipper;
				PROVISIONING_PROFILE_SPECIFIER = "";
				SDKROOT = macosx;
				SWIFT_VERSION = 5.9;
			};
			name = Debug;
		};
		AE75B8DF934DC9BE8213A6ED /* Release */ = {
			isa = XCBuildConfiguration;
			buildSettings = {
				ASSETCATALOG_COMPILER_APPICON_NAME = AppIcon;
				CODE_SIGN_ENTITLEMENTS = ZipperApp.entitlements;
				CODE_SIGN_IDENTITY = "Apple Development";
				CODE_SIGN_STYLE = Automatic;
				COMBINE_HIDPI_IMAGES = YES;
				CURRENT_PROJECT_VERSION = 1;
				DEAD_CODE_STRIPPING = YES;
				ENABLE_HARDENED_RUNTIME = YES;
				GENERATE_INFOPLIST_FILE = NO;
				INFOPLIST_FILE = Sources/Info.plist;
				LD_RUNPATH_SEARCH_PATHS = (
					"$(inherited)",
					"@executable_path/../Frameworks",
				);
				MACOSX_DEPLOYMENT_TARGET = 13.0;
				MARKETING_VERSION = 1;
				PRODUCT_BUNDLE_IDENTIFIER = com.kshah00.ZipperApp;
				PRODUCT_NAME = Zipper;
				PROVISIONING_PROFILE_SPECIFIER = "";
				SDKROOT = macosx;
				SWIFT_VERSION = 5.9;
			};
			name = Release;
		};
		B216E38DB81607016D287719 /* Debug */ = {
			isa = XCBuildConfiguration;
			buildSettings = {
				ALWAYS_SEARCH_USER_PATHS = NO;
				CLANG_ANALYZER_NONNULL = YES;
				CLANG_ANALYZER_NUMBER_OBJECT_CONVERSION = YES_AGGRESSIVE;
				CLANG_CXX_LANGUAGE_STANDARD = "gnu++14";
				CLANG_CXX_LIBRARY = "libc++";
				CLANG_ENABLE_MODULES = YES;
				CLANG_ENABLE_OBJC_ARC = YES;
				CLANG_ENABLE_OBJC_WEAK = YES;
				CLANG_WARN_BLOCK_CAPTURE_AUTORELEASING = YES;
				CLANG_WARN_BOOL_CONVERSION = YES;
				CLANG_WARN_COMMA = YES;
				CLANG_WARN_CONSTANT_CONVERSION = YES;
				CLANG_WARN_DEPRECATED_OBJC_IMPLEMENTATIONS = YES;
				CLANG_WARN_DIRECT_OBJC_ISA_USAGE = YES_ERROR;
				CLANG_WARN_DOCUMENTATION_COMMENTS = YES;
				CLANG_WARN_EMPTY_BODY = YES;
				CLANG_WARN_ENUM_CONVERSION = YES;
				CLANG_WARN_INFINITE_RECURSION = YES;
				CLANG_WARN_INT_CONVERSION = YES;
				CLANG_WARN_NON_LITERAL_NULL_CONVERSION = YES;
				CLANG_WARN_OBJC_IMPLICIT_RETAIN_SELF = YES;
				CLANG_WARN_OBJC_LITERAL_CONVERSION = YES;
				CLANG_WARN_OBJC_ROOT_CLASS = YES_ERROR;
				CLANG_WARN_QUOTED_INCLUDE_IN_FRAMEWORK_HEADER = YES;
				CLANG_WARN_RANGE_LOOP_ANALYSIS = YES;
				CLANG_WARN_STRICT_PROTOTYPES = YES;
				CLANG_WARN_SUSPICIOUS_MOVE = YES;
				CLANG_WARN_UNGUARDED_AVAILABILITY = YES_AGGRESSIVE;
				CLANG_WARN_UNREACHABLE_CODE = YES;
				CLANG_WARN__DUPLICATE_METHOD_MATCH = YES;
				COPY_PHASE_STRIP = NO;
				DEAD_CODE_STRIPPING = YES;
				DEBUG_INFORMATION_FORMAT = dwarf;
				DEVELOPMENT_TEAM = C85X7E88A8;
				ENABLE_STRICT_OBJC_MSGSEND = YES;
				ENABLE_TESTABILITY = YES;
				ENABLE_USER_SCRIPT_SANDBOXING = YES;
				GCC_C_LANGUAGE_STANDARD = gnu11;
				GCC_DYNAMIC_NO_PIC = NO;
				GCC_NO_COMMON_BLOCKS = YES;
				GCC_OPTIMIZATION_LEVEL = 0;
				GCC_PREPROCESSOR_DEFINITIONS = (
					"$(inherited)",
					"DEBUG=1",
				);
				GCC_WARN_64_TO_32_BIT_CONVERSION = YES;
				GCC_WARN_ABOUT_RETURN_TYPE = YES_ERROR;
				GCC_WARN_UNDECLARED_SELECTOR = YES;
				GCC_WARN_UNINITIALIZED_AUTOS = YES_AGGRESSIVE;
				GCC_WARN_UNUSED_FUNCTION = YES;
				GCC_WARN_UNUSED_VARIABLE = YES;
				MACOSX_DEPLOYMENT_TARGET = 13.0;
				MTL_ENABLE_DEBUG_INFO = INCLUDE_SOURCE;
				MTL_FAST_MATH = YES;
				ONLY_ACTIVE_ARCH = YES;
				PRODUCT_NAME = "$(TARGET_NAME)";
				SDKROOT = macosx;
				STRING_CATALOG_GENERATE_SYMBOLS = YES;
				SWIFT_ACTIVE_COMPILATION_CONDITIONS = DEBUG;
				SWIFT_OPTIMIZATION_LEVEL = "-Onone";
				SWIFT_VERSION = 5.0;
			};
			name = Debug;
		};
/* End XCBuildConfiguration section */

/* Begin XCConfigurationList section */
		6EFECA048FDFE0C9EA25824F /* Build configuration list for PBXNativeTarget "ZipperApp" */ = {
			isa = XCConfigurationList;
			buildConfigurations = (
				3B81C8063B911B92968032FB /* Debug */,
				AE75B8DF934DC9BE8213A6ED /* Release */,
			);
			defaultConfigurationIsVisible = 0;
			defaultConfigurationName = Debug;
		};
		9F737D0EACC6498BB557725A /* Build configuration list for PBXProject "ZipperApp" */ = {
			isa = XCConfigurationList;
			buildConfigurations = (
				B216E38DB81607016D287719 /* Debug */,
				2F320853603807E01C0D8212 /* Release */,
			);
			defaultConfigurationIsVisible = 0;
			defaultConfigurationName = Debug;
		};
/* End XCConfigurationList section */
	};
	rootObject = BA98C8019FA3356F7CDAA411 /* Project object */;
}
